
Microsoft Visual Studio Solution File, Format Version 12.00
# Visual Studio Version 16
VisualStudioVersion = 25.0.1705.3
MinimumVisualStudioVersion = 10.0.40219.1
Project("{FAE04EC0-301F-11D3-BF4B-00C04F79EFBC}") = "Homework 8", "Homework 8\Homework 8.csproj", "{97240165-4E27-4E89-8488-0A1BA6DA202F}"
EndProject
Global
	GlobalSection(SolutionConfigurationPlatforms) = preSolution
		Debug|Any CPU = Debug|Any CPU
		Release|Any CPU = Release|Any CPU
	EndGlobalSection
	GlobalSection(ProjectConfigurationPlatforms) = postSolution
		{97240165-4E27-4E89-8488-0A1BA6DA202F}.Debug|Any CPU.ActiveCfg = Debug|Any CPU
		{97240165-4E27-4E89-8488-0A1BA6DA202F}.Debug|Any CPU.Build.0 = Debug|Any CPU
		{97240165-4E27-4E89-8488-0A1BA6DA202F}.Release|Any CPU.ActiveCfg = Release|Any CPU
		{97240165-4E27-4E89-8488-0A1BA6DA202F}.Release|Any CPU.Build.0 = Release|Any CPU
	EndGlobalSection
	GlobalSection(SolutionProperties) = preSolution
		HideSolutionNode = FALSE
	EndGlobalSection
	GlobalSection(ExtensibilityGlobals) = postSolution
		SolutionGuid = {B84B40DC-60EB-41BC-9F39-2295DB20ED51}
	EndGlobalSection
EndGlobal
