
Microsoft Visual Studio Solution File, Format Version 12.00
# Visual Studio Version 17
VisualStudioVersion = 17.4.33122.133
MinimumVisualStudioVersion = 10.0.40219.1
Project("{9A19103F-16F7-4668-BE54-9A1E7A4F7556}") = "ShopSimulator", "ShopSimulator\ShopSimulator.csproj", "{F40ADDCD-D0D7-4E9A-8697-51D5D06910CA}"
EndProject
Project("{FAE04EC0-301F-11D3-BF4B-00C04F79EFBC}") = "Tasks", "Tasks\Tasks.csproj", "{A4F2A8BD-0C72-4A19-9F28-2CB90D0A4C33}"
EndProject
Global
	GlobalSection(SolutionConfigurationPlatforms) = preSolution
		Debug|Any CPU = Debug|Any CPU
		Release|Any CPU = Release|Any CPU
	EndGlobalSection
	GlobalSection(ProjectConfigurationPlatforms) = postSolution
		{F40ADDCD-D0D7-4E9A-8697-51D5D06910CA}.Debug|Any CPU.ActiveCfg = Debug|Any CPU
		{F40ADDCD-D0D7-4E9A-8697-51D5D06910CA}.Debug|Any CPU.Build.0 = Debug|Any CPU
		{F40ADDCD-D0D7-4E9A-8697-51D5D06910CA}.Release|Any CPU.ActiveCfg = Release|Any CPU
		{F40ADDCD-D0D7-4E9A-8697-51D5D06910CA}.Release|Any CPU.Build.0 = Release|Any CPU
		{A4F2A8BD-0C72-4A19-9F28-2CB90D0A4C33}.Debug|Any CPU.ActiveCfg = Debug|Any CPU
		{A4F2A8BD-0C72-4A19-9F28-2CB90D0A4C33}.Debug|Any CPU.Build.0 = Debug|Any CPU
		{A4F2A8BD-0C72-4A19-9F28-2CB90D0A4C33}.Release|Any CPU.ActiveCfg = Release|Any CPU
		{A4F2A8BD-0C72-4A19-9F28-2CB90D0A4C33}.Release|Any CPU.Build.0 = Release|Any CPU
	EndGlobalSection
	GlobalSection(SolutionProperties) = preSolution
		HideSolutionNode = FALSE
	EndGlobalSection
	GlobalSection(ExtensibilityGlobals) = postSolution
		SolutionGuid = {C75802EB-448E-436A-B8AC-D8A62E1C9090}
	EndGlobalSection
EndGlobal
