
Microsoft Visual Studio Solution File, Format Version 12.00
# Visual Studio Version 16
VisualStudioVersion = 25.0.1705.3
MinimumVisualStudioVersion = 10.0.40219.1
Project("{FAE04EC0-301F-11D3-BF4B-00C04F79EFBC}") = "CSVSerializer", "CSVSerializer\CSVSerializer.csproj", "{60D76411-0166-4FAE-A8A3-10602FDD187E}"
EndProject
Project("{FAE04EC0-301F-11D3-BF4B-00C04F79EFBC}") = "CsvRunner", "CsvRunner\CsvRunner.csproj", "{11B943A0-F066-42FB-AE6B-647DF80FA4EE}"
EndProject
Global
	GlobalSection(SolutionConfigurationPlatforms) = preSolution
		Debug|Any CPU = Debug|Any CPU
		Release|Any CPU = Release|Any CPU
	EndGlobalSection
	GlobalSection(ProjectConfigurationPlatforms) = postSolution
		{60D76411-0166-4FAE-A8A3-10602FDD187E}.Debug|Any CPU.ActiveCfg = Debug|Any CPU
		{60D76411-0166-4FAE-A8A3-10602FDD187E}.Debug|Any CPU.Build.0 = Debug|Any CPU
		{60D76411-0166-4FAE-A8A3-10602FDD187E}.Release|Any CPU.ActiveCfg = Release|Any CPU
		{60D76411-0166-4FAE-A8A3-10602FDD187E}.Release|Any CPU.Build.0 = Release|Any CPU
		{11B943A0-F066-42FB-AE6B-647DF80FA4EE}.Debug|Any CPU.ActiveCfg = Debug|Any CPU
		{11B943A0-F066-42FB-AE6B-647DF80FA4EE}.Debug|Any CPU.Build.0 = Debug|Any CPU
		{11B943A0-F066-42FB-AE6B-647DF80FA4EE}.Release|Any CPU.ActiveCfg = Release|Any CPU
		{11B943A0-F066-42FB-AE6B-647DF80FA4EE}.Release|Any CPU.Build.0 = Release|Any CPU
	EndGlobalSection
	GlobalSection(SolutionProperties) = preSolution
		HideSolutionNode = FALSE
	EndGlobalSection
	GlobalSection(ExtensibilityGlobals) = postSolution
		SolutionGuid = {9B33156F-D206-4ACB-9EE1-1275A14351EB}
	EndGlobalSection
EndGlobal
