
Microsoft Visual Studio Solution File, Format Version 12.00
# Visual Studio Version 17
VisualStudioVersion = 17.5.33516.290
MinimumVisualStudioVersion = 10.0.40219.1
Project("{FAE04EC0-301F-11D3-BF4B-00C04F79EFBC}") = "Patapau", "Patapau.csproj", "{1F633821-2154-470B-8B71-15695330C28D}"
EndProject
Project("{FAE04EC0-301F-11D3-BF4B-00C04F79EFBC}") = "StudentManagerLibrary", "..\StudentManagerLibrary\StudentManagerLibrary.csproj", "{A72A6CDE-56FE-4B2D-887B-529C9BCEE112}"
EndProject
Global
	GlobalSection(SolutionConfigurationPlatforms) = preSolution
		Debug|Any CPU = Debug|Any CPU
		Release|Any CPU = Release|Any CPU
	EndGlobalSection
	GlobalSection(ProjectConfigurationPlatforms) = postSolution
		{1F633821-2154-470B-8B71-15695330C28D}.Debug|Any CPU.ActiveCfg = Debug|Any CPU
		{1F633821-2154-470B-8B71-15695330C28D}.Debug|Any CPU.Build.0 = Debug|Any CPU
		{1F633821-2154-470B-8B71-15695330C28D}.Release|Any CPU.ActiveCfg = Release|Any CPU
		{1F633821-2154-470B-8B71-15695330C28D}.Release|Any CPU.Build.0 = Release|Any CPU
		{A72A6CDE-56FE-4B2D-887B-529C9BCEE112}.Debug|Any CPU.ActiveCfg = Debug|Any CPU
		{A72A6CDE-56FE-4B2D-887B-529C9BCEE112}.Debug|Any CPU.Build.0 = Debug|Any CPU
		{A72A6CDE-56FE-4B2D-887B-529C9BCEE112}.Release|Any CPU.ActiveCfg = Release|Any CPU
		{A72A6CDE-56FE-4B2D-887B-529C9BCEE112}.Release|Any CPU.Build.0 = Release|Any CPU
	EndGlobalSection
	GlobalSection(SolutionProperties) = preSolution
		HideSolutionNode = FALSE
	EndGlobalSection
	GlobalSection(ExtensibilityGlobals) = postSolution
		SolutionGuid = {8F1119C6-4E0B-4F3E-A54B-435FD824592D}
	EndGlobalSection
EndGlobal
