
Microsoft Visual Studio Solution File, Format Version 12.00
# Visual Studio Version 17
VisualStudioVersion = 17.5.33530.505
MinimumVisualStudioVersion = 10.0.40219.1
Project("{FAE04EC0-301F-11D3-BF4B-00C04F79EFBC}") = "hw-7", "hw-7.csproj", "{7B454C80-8D7D-4643-9546-ABDE9C6C75CF}"
EndProject
Global
	GlobalSection(SolutionConfigurationPlatforms) = preSolution
		Debug|Any CPU = Debug|Any CPU
		Release|Any CPU = Release|Any CPU
	EndGlobalSection
	GlobalSection(ProjectConfigurationPlatforms) = postSolution
		{7B454C80-8D7D-4643-9546-ABDE9C6C75CF}.Debug|Any CPU.ActiveCfg = Debug|Any CPU
		{7B454C80-8D7D-4643-9546-ABDE9C6C75CF}.Debug|Any CPU.Build.0 = Debug|Any CPU
		{7B454C80-8D7D-4643-9546-ABDE9C6C75CF}.Release|Any CPU.ActiveCfg = Release|Any CPU
		{7B454C80-8D7D-4643-9546-ABDE9C6C75CF}.Release|Any CPU.Build.0 = Release|Any CPU
	EndGlobalSection
	GlobalSection(SolutionProperties) = preSolution
		HideSolutionNode = FALSE
	EndGlobalSection
	GlobalSection(ExtensibilityGlobals) = postSolution
		SolutionGuid = {5D3ED1B5-140A-4956-8042-69C0CEDC6CC8}
	EndGlobalSection
EndGlobal
