
Microsoft Visual Studio Solution File, Format Version 12.00
# Visual Studio Version 17
VisualStudioVersion = 17.5.33516.290
MinimumVisualStudioVersion = 10.0.40219.1
Project("{FAE04EC0-301F-11D3-BF4B-00C04F79EFBC}") = "ConsoleArithmeticApp", "ConsoleArithmeticApp\ConsoleArithmeticApp.csproj", "{640CDED0-91B1-4B80-B6B2-CCA47F6B3ACB}"
EndProject
Global
	GlobalSection(SolutionConfigurationPlatforms) = preSolution
		Debug|Any CPU = Debug|Any CPU
		Release|Any CPU = Release|Any CPU
	EndGlobalSection
	GlobalSection(ProjectConfigurationPlatforms) = postSolution
		{640CDED0-91B1-4B80-B6B2-CCA47F6B3ACB}.Debug|Any CPU.ActiveCfg = Debug|Any CPU
		{640CDED0-91B1-4B80-B6B2-CCA47F6B3ACB}.Debug|Any CPU.Build.0 = Debug|Any CPU
		{640CDED0-91B1-4B80-B6B2-CCA47F6B3ACB}.Release|Any CPU.ActiveCfg = Release|Any CPU
		{640CDED0-91B1-4B80-B6B2-CCA47F6B3ACB}.Release|Any CPU.Build.0 = Release|Any CPU
	EndGlobalSection
	GlobalSection(SolutionProperties) = preSolution
		HideSolutionNode = FALSE
	EndGlobalSection
	GlobalSection(ExtensibilityGlobals) = postSolution
		SolutionGuid = {A2E2A1D1-8EC6-4086-AF36-DD7FE8D3A7E7}
	EndGlobalSection
EndGlobal
