
Microsoft Visual Studio Solution File, Format Version 12.00
# Visual Studio Version 17
VisualStudioVersion = 17.5.33530.505
MinimumVisualStudioVersion = 10.0.40219.1
Project("{9A19103F-16F7-4668-BE54-9A1E7A4F7556}") = "Zhdanov hw7", "Zhdanov hw7\Zhdanov hw7.csproj", "{5BB6BCDB-E053-439B-B38C-C465AC8574CF}"
EndProject
Global
	GlobalSection(SolutionConfigurationPlatforms) = preSolution
		Debug|Any CPU = Debug|Any CPU
		Release|Any CPU = Release|Any CPU
	EndGlobalSection
	GlobalSection(ProjectConfigurationPlatforms) = postSolution
		{5BB6BCDB-E053-439B-B38C-C465AC8574CF}.Debug|Any CPU.ActiveCfg = Debug|Any CPU
		{5BB6BCDB-E053-439B-B38C-C465AC8574CF}.Debug|Any CPU.Build.0 = Debug|Any CPU
		{5BB6BCDB-E053-439B-B38C-C465AC8574CF}.Release|Any CPU.ActiveCfg = Release|Any CPU
		{5BB6BCDB-E053-439B-B38C-C465AC8574CF}.Release|Any CPU.Build.0 = Release|Any CPU
	EndGlobalSection
	GlobalSection(SolutionProperties) = preSolution
		HideSolutionNode = FALSE
	EndGlobalSection
	GlobalSection(ExtensibilityGlobals) = postSolution
		SolutionGuid = {CEB4A781-DBD2-44F5-A966-3E0B9DC287D5}
	EndGlobalSection
EndGlobal
