
Microsoft Visual Studio Solution File, Format Version 12.00
# Visual Studio Version 17
VisualStudioVersion = 17.4.33122.133
MinimumVisualStudioVersion = 10.0.40219.1
Project("{9A19103F-16F7-4668-BE54-9A1E7A4F7556}") = "TradingApp", "TradingApp\TradingApp.csproj", "{7011DFDA-C5C8-45EF-AD43-630E2CEB8D6E}"
EndProject
Project("{9A19103F-16F7-4668-BE54-9A1E7A4F7556}") = "TradingApp.Tests", "TradingApp.Tests\TradingApp.Tests.csproj", "{B0BA1BD9-4201-43A8-9716-7B8E9A4C53A5}"
EndProject
Project("{FAE04EC0-301F-11D3-BF4B-00C04F79EFBC}") = "TestTradingApp_Lipay", "TestLipay\TestTradingApp_Lipay.csproj", "{53BBE5B2-3A29-4F79-8936-B702355CECF6}"
EndProject
Global
	GlobalSection(SolutionConfigurationPlatforms) = preSolution
		Debug|Any CPU = Debug|Any CPU
		Release|Any CPU = Release|Any CPU
	EndGlobalSection
	GlobalSection(ProjectConfigurationPlatforms) = postSolution
		{7011DFDA-C5C8-45EF-AD43-630E2CEB8D6E}.Debug|Any CPU.ActiveCfg = Debug|Any CPU
		{7011DFDA-C5C8-45EF-AD43-630E2CEB8D6E}.Debug|Any CPU.Build.0 = Debug|Any CPU
		{7011DFDA-C5C8-45EF-AD43-630E2CEB8D6E}.Release|Any CPU.ActiveCfg = Release|Any CPU
		{7011DFDA-C5C8-45EF-AD43-630E2CEB8D6E}.Release|Any CPU.Build.0 = Release|Any CPU
		{B0BA1BD9-4201-43A8-9716-7B8E9A4C53A5}.Debug|Any CPU.ActiveCfg = Debug|Any CPU
		{B0BA1BD9-4201-43A8-9716-7B8E9A4C53A5}.Debug|Any CPU.Build.0 = Debug|Any CPU
		{B0BA1BD9-4201-43A8-9716-7B8E9A4C53A5}.Release|Any CPU.ActiveCfg = Release|Any CPU
		{B0BA1BD9-4201-43A8-9716-7B8E9A4C53A5}.Release|Any CPU.Build.0 = Release|Any CPU
		{53BBE5B2-3A29-4F79-8936-B702355CECF6}.Debug|Any CPU.ActiveCfg = Debug|Any CPU
		{53BBE5B2-3A29-4F79-8936-B702355CECF6}.Debug|Any CPU.Build.0 = Debug|Any CPU
		{53BBE5B2-3A29-4F79-8936-B702355CECF6}.Release|Any CPU.ActiveCfg = Release|Any CPU
		{53BBE5B2-3A29-4F79-8936-B702355CECF6}.Release|Any CPU.Build.0 = Release|Any CPU
	EndGlobalSection
	GlobalSection(SolutionProperties) = preSolution
		HideSolutionNode = FALSE
	EndGlobalSection
	GlobalSection(ExtensibilityGlobals) = postSolution
		SolutionGuid = {75A3FB06-1249-462E-B49F-E1439C403A49}
	EndGlobalSection
EndGlobal
