
Microsoft Visual Studio Solution File, Format Version 12.00
# Visual Studio Version 17
VisualStudioVersion = 17.5.33516.290
MinimumVisualStudioVersion = 10.0.40219.1
Project("{FAE04EC0-301F-11D3-BF4B-00C04F79EFBC}") = "BankOperations", "BankOperations.csproj", "{1D8D68D2-E90A-4964-9EE8-D784DB01A838}"
EndProject
Global
	GlobalSection(SolutionConfigurationPlatforms) = preSolution
		Debug|Any CPU = Debug|Any CPU
		Release|Any CPU = Release|Any CPU
	EndGlobalSection
	GlobalSection(ProjectConfigurationPlatforms) = postSolution
		{1D8D68D2-E90A-4964-9EE8-D784DB01A838}.Debug|Any CPU.ActiveCfg = Debug|Any CPU
		{1D8D68D2-E90A-4964-9EE8-D784DB01A838}.Debug|Any CPU.Build.0 = Debug|Any CPU
		{1D8D68D2-E90A-4964-9EE8-D784DB01A838}.Release|Any CPU.ActiveCfg = Release|Any CPU
		{1D8D68D2-E90A-4964-9EE8-D784DB01A838}.Release|Any CPU.Build.0 = Release|Any CPU
	EndGlobalSection
	GlobalSection(SolutionProperties) = preSolution
		HideSolutionNode = FALSE
	EndGlobalSection
	GlobalSection(ExtensibilityGlobals) = postSolution
		SolutionGuid = {5E3A32ED-2D74-4D96-B0BA-A008567772DF}
	EndGlobalSection
EndGlobal
