
Microsoft Visual Studio Solution File, Format Version 12.00
# Visual Studio Version 17
VisualStudioVersion = 17.5.33627.172
MinimumVisualStudioVersion = 10.0.40219.1
Project("{FAE04EC0-301F-11D3-BF4B-00C04F79EFBC}") = "ConsoleApp1", "ConsoleApp1\ConsoleApp1.csproj", "{880467A3-7C6F-4B3A-A6EC-6FC190677D17}"
EndProject
Project("{2150E333-8FDC-42A3-9474-1A3956D46DE8}") = "Элементы решения", "Элементы решения", "{F9BF90D8-9E6C-4F42-B48F-FE40696C12DC}"
EndProject
Global
	GlobalSection(SolutionConfigurationPlatforms) = preSolution
		Debug|Any CPU = Debug|Any CPU
		Release|Any CPU = Release|Any CPU
	EndGlobalSection
	GlobalSection(ProjectConfigurationPlatforms) = postSolution
		{880467A3-7C6F-4B3A-A6EC-6FC190677D17}.Debug|Any CPU.ActiveCfg = Debug|Any CPU
		{880467A3-7C6F-4B3A-A6EC-6FC190677D17}.Debug|Any CPU.Build.0 = Debug|Any CPU
		{880467A3-7C6F-4B3A-A6EC-6FC190677D17}.Release|Any CPU.ActiveCfg = Release|Any CPU
		{880467A3-7C6F-4B3A-A6EC-6FC190677D17}.Release|Any CPU.Build.0 = Release|Any CPU
	EndGlobalSection
	GlobalSection(SolutionProperties) = preSolution
		HideSolutionNode = FALSE
	EndGlobalSection
	GlobalSection(ExtensibilityGlobals) = postSolution
		SolutionGuid = {6FA72940-41BA-43EE-BF7B-A651876844B5}
	EndGlobalSection
EndGlobal
