
Microsoft Visual Studio Solution File, Format Version 12.00
# Visual Studio Version 17
VisualStudioVersion = 17.4.33213.308
MinimumVisualStudioVersion = 10.0.40219.1
Project("{9A19103F-16F7-4668-BE54-9A1E7A4F7556}") = "homework-8", "homework-8\homework-8.csproj", "{F1F299B2-87FD-46D9-99FD-A2A4520AC405}"
EndProject
Project("{FAE04EC0-301F-11D3-BF4B-00C04F79EFBC}") = "ClassLibrary", "ClassLibrary\ClassLibrary.csproj", "{DD4BC022-3342-4413-8D4A-9EFE5F535730}"
EndProject
Global
	GlobalSection(SolutionConfigurationPlatforms) = preSolution
		Debug|Any CPU = Debug|Any CPU
		Release|Any CPU = Release|Any CPU
	EndGlobalSection
	GlobalSection(ProjectConfigurationPlatforms) = postSolution
		{F1F299B2-87FD-46D9-99FD-A2A4520AC405}.Debug|Any CPU.ActiveCfg = Debug|Any CPU
		{F1F299B2-87FD-46D9-99FD-A2A4520AC405}.Debug|Any CPU.Build.0 = Debug|Any CPU
		{F1F299B2-87FD-46D9-99FD-A2A4520AC405}.Release|Any CPU.ActiveCfg = Release|Any CPU
		{F1F299B2-87FD-46D9-99FD-A2A4520AC405}.Release|Any CPU.Build.0 = Release|Any CPU
		{DD4BC022-3342-4413-8D4A-9EFE5F535730}.Debug|Any CPU.ActiveCfg = Debug|Any CPU
		{DD4BC022-3342-4413-8D4A-9EFE5F535730}.Debug|Any CPU.Build.0 = Debug|Any CPU
		{DD4BC022-3342-4413-8D4A-9EFE5F535730}.Release|Any CPU.ActiveCfg = Release|Any CPU
		{DD4BC022-3342-4413-8D4A-9EFE5F535730}.Release|Any CPU.Build.0 = Release|Any CPU
	EndGlobalSection
	GlobalSection(SolutionProperties) = preSolution
		HideSolutionNode = FALSE
	EndGlobalSection
	GlobalSection(ExtensibilityGlobals) = postSolution
		SolutionGuid = {025164EB-42A4-4C6A-B314-E02FFFAC2E9D}
	EndGlobalSection
EndGlobal
