
Microsoft Visual Studio Solution File, Format Version 12.00
# Visual Studio Version 17
VisualStudioVersion = 17.4.33122.133
MinimumVisualStudioVersion = 10.0.40219.1
Project("{FAE04EC0-301F-11D3-BF4B-00C04F79EFBC}") = "AsyncIO", "AsyncIO\AsyncIO.csproj", "{6DE0A66F-6507-4EDE-BC24-5F4B159642A3}"
EndProject
Global
	GlobalSection(SolutionConfigurationPlatforms) = preSolution
		Debug|Any CPU = Debug|Any CPU
		Release|Any CPU = Release|Any CPU
	EndGlobalSection
	GlobalSection(ProjectConfigurationPlatforms) = postSolution
		{6DE0A66F-6507-4EDE-BC24-5F4B159642A3}.Debug|Any CPU.ActiveCfg = Debug|Any CPU
		{6DE0A66F-6507-4EDE-BC24-5F4B159642A3}.Debug|Any CPU.Build.0 = Debug|Any CPU
		{6DE0A66F-6507-4EDE-BC24-5F4B159642A3}.Release|Any CPU.ActiveCfg = Release|Any CPU
		{6DE0A66F-6507-4EDE-BC24-5F4B159642A3}.Release|Any CPU.Build.0 = Release|Any CPU
	EndGlobalSection
	GlobalSection(SolutionProperties) = preSolution
		HideSolutionNode = FALSE
	EndGlobalSection
	GlobalSection(ExtensibilityGlobals) = postSolution
		SolutionGuid = {4AE21791-08C0-45A9-B6B2-BB225C5C16E3}
	EndGlobalSection
EndGlobal
