
Microsoft Visual Studio Solution File, Format Version 12.00
# Visual Studio Version 17
VisualStudioVersion = 17.5.33516.290
MinimumVisualStudioVersion = 10.0.40219.1
Project("{FAE04EC0-301F-11D3-BF4B-00C04F79EFBC}") = "homework", "homework.csproj", "{69052422-A06B-4123-94F3-2CA4F678F005}"
EndProject
Global
	GlobalSection(SolutionConfigurationPlatforms) = preSolution
		Debug|Any CPU = Debug|Any CPU
		Release|Any CPU = Release|Any CPU
	EndGlobalSection
	GlobalSection(ProjectConfigurationPlatforms) = postSolution
		{69052422-A06B-4123-94F3-2CA4F678F005}.Debug|Any CPU.ActiveCfg = Debug|Any CPU
		{69052422-A06B-4123-94F3-2CA4F678F005}.Debug|Any CPU.Build.0 = Debug|Any CPU
		{69052422-A06B-4123-94F3-2CA4F678F005}.Release|Any CPU.ActiveCfg = Release|Any CPU
		{69052422-A06B-4123-94F3-2CA4F678F005}.Release|Any CPU.Build.0 = Release|Any CPU
	EndGlobalSection
	GlobalSection(SolutionProperties) = preSolution
		HideSolutionNode = FALSE
	EndGlobalSection
	GlobalSection(ExtensibilityGlobals) = postSolution
		SolutionGuid = {F67A37C1-3091-46EB-9D48-106BAB042D5E}
	EndGlobalSection
EndGlobal
