
Microsoft Visual Studio Solution File, Format Version 12.00
# Visual Studio Version 17
VisualStudioVersion = 17.5.33516.290
MinimumVisualStudioVersion = 10.0.40219.1
Project("{FAE04EC0-301F-11D3-BF4B-00C04F79EFBC}") = "BankOperations", "ConsoleApp1\BankOperations.csproj", "{183B178E-1CC0-4AA8-8570-447CC8669D60}"
EndProject
Global
	GlobalSection(SolutionConfigurationPlatforms) = preSolution
		Debug|Any CPU = Debug|Any CPU
		Release|Any CPU = Release|Any CPU
	EndGlobalSection
	GlobalSection(ProjectConfigurationPlatforms) = postSolution
		{183B178E-1CC0-4AA8-8570-447CC8669D60}.Debug|Any CPU.ActiveCfg = Debug|Any CPU
		{183B178E-1CC0-4AA8-8570-447CC8669D60}.Debug|Any CPU.Build.0 = Debug|Any CPU
		{183B178E-1CC0-4AA8-8570-447CC8669D60}.Release|Any CPU.ActiveCfg = Release|Any CPU
		{183B178E-1CC0-4AA8-8570-447CC8669D60}.Release|Any CPU.Build.0 = Release|Any CPU
	EndGlobalSection
	GlobalSection(SolutionProperties) = preSolution
		HideSolutionNode = FALSE
	EndGlobalSection
	GlobalSection(ExtensibilityGlobals) = postSolution
		SolutionGuid = {51C0D50A-BCE4-473E-A902-6F65B549C48C}
	EndGlobalSection
EndGlobal
