
Microsoft Visual Studio Solution File, Format Version 12.00
# Visual Studio Version 17
VisualStudioVersion = 17.2.32526.322
MinimumVisualStudioVersion = 10.0.40219.1
Project("{FAE04EC0-301F-11D3-BF4B-00C04F79EFBC}") = "Homework 5 Lutynski", "Homework 5 Lutynski\Homework 5 Lutynski.csproj", "{A71CD2E9-BC54-4880-9295-3F6D3B25A338}"
EndProject
Global
	GlobalSection(SolutionConfigurationPlatforms) = preSolution
		Debug|Any CPU = Debug|Any CPU
		Release|Any CPU = Release|Any CPU
	EndGlobalSection
	GlobalSection(ProjectConfigurationPlatforms) = postSolution
		{A71CD2E9-BC54-4880-9295-3F6D3B25A338}.Debug|Any CPU.ActiveCfg = Debug|Any CPU
		{A71CD2E9-BC54-4880-9295-3F6D3B25A338}.Debug|Any CPU.Build.0 = Debug|Any CPU
		{A71CD2E9-BC54-4880-9295-3F6D3B25A338}.Release|Any CPU.ActiveCfg = Release|Any CPU
		{A71CD2E9-BC54-4880-9295-3F6D3B25A338}.Release|Any CPU.Build.0 = Release|Any CPU
	EndGlobalSection
	GlobalSection(SolutionProperties) = preSolution
		HideSolutionNode = FALSE
	EndGlobalSection
	GlobalSection(ExtensibilityGlobals) = postSolution
		SolutionGuid = {ABFF3213-E55F-4520-9FB7-3731ED56C029}
	EndGlobalSection
EndGlobal
