
Microsoft Visual Studio Solution File, Format Version 12.00
# Visual Studio Version 17
VisualStudioVersion = 17.5.33516.290
MinimumVisualStudioVersion = 10.0.40219.1
Project("{FAE04EC0-301F-11D3-BF4B-00C04F79EFBC}") = "Дз", "Дз\Дз.csproj", "{2E10EB3E-9ED4-401D-B982-65701F2FAB40}"
EndProject
Global
	GlobalSection(SolutionConfigurationPlatforms) = preSolution
		Debug|Any CPU = Debug|Any CPU
		Release|Any CPU = Release|Any CPU
	EndGlobalSection
	GlobalSection(ProjectConfigurationPlatforms) = postSolution
		{2E10EB3E-9ED4-401D-B982-65701F2FAB40}.Debug|Any CPU.ActiveCfg = Debug|Any CPU
		{2E10EB3E-9ED4-401D-B982-65701F2FAB40}.Debug|Any CPU.Build.0 = Debug|Any CPU
		{2E10EB3E-9ED4-401D-B982-65701F2FAB40}.Release|Any CPU.ActiveCfg = Release|Any CPU
		{2E10EB3E-9ED4-401D-B982-65701F2FAB40}.Release|Any CPU.Build.0 = Release|Any CPU
	EndGlobalSection
	GlobalSection(SolutionProperties) = preSolution
		HideSolutionNode = FALSE
	EndGlobalSection
	GlobalSection(ExtensibilityGlobals) = postSolution
		SolutionGuid = {C5CF2A89-2F91-444D-B27B-880D7DDC705F}
	EndGlobalSection
EndGlobal
