
Microsoft Visual Studio Solution File, Format Version 12.00
# Visual Studio Version 16
VisualStudioVersion = 25.0.1705.3
MinimumVisualStudioVersion = 10.0.40219.1
Project("{FAE04EC0-301F-11D3-BF4B-00C04F79EFBC}") = "ATM", "ATM\ATM.csproj", "{3FA754B8-2696-4F3E-9F66-2DBAE5FE4916}"
EndProject
Global
	GlobalSection(SolutionConfigurationPlatforms) = preSolution
		Debug|Any CPU = Debug|Any CPU
		Release|Any CPU = Release|Any CPU
	EndGlobalSection
	GlobalSection(ProjectConfigurationPlatforms) = postSolution
		{3FA754B8-2696-4F3E-9F66-2DBAE5FE4916}.Debug|Any CPU.ActiveCfg = Debug|Any CPU
		{3FA754B8-2696-4F3E-9F66-2DBAE5FE4916}.Debug|Any CPU.Build.0 = Debug|Any CPU
		{3FA754B8-2696-4F3E-9F66-2DBAE5FE4916}.Release|Any CPU.ActiveCfg = Release|Any CPU
		{3FA754B8-2696-4F3E-9F66-2DBAE5FE4916}.Release|Any CPU.Build.0 = Release|Any CPU
	EndGlobalSection
	GlobalSection(SolutionProperties) = preSolution
		HideSolutionNode = FALSE
	EndGlobalSection
	GlobalSection(ExtensibilityGlobals) = postSolution
		SolutionGuid = {6EC5804F-3D5D-424B-B01D-1D44051A6671}
	EndGlobalSection
EndGlobal
