
Microsoft Visual Studio Solution File, Format Version 12.00
# Visual Studio Version 17
VisualStudioVersion = 17.4.33122.133
MinimumVisualStudioVersion = 10.0.40219.1
Project("{9A19103F-16F7-4668-BE54-9A1E7A4F7556}") = "CsvSerializer", "CsvSerializer\CsvSerializer.csproj", "{E74A71C6-A389-4C72-A771-DA6614C40160}"
EndProject
Project("{9A19103F-16F7-4668-BE54-9A1E7A4F7556}") = "CsvRunner", "CsvRunner\CsvRunner.csproj", "{45760508-598E-4FF7-A685-5BE274FAC196}"
EndProject
Project("{2150E333-8FDC-42A3-9474-1A3956D46DE8}") = "files", "files", "{41D2F61D-94A8-431B-A3B3-BA315EE9B6C4}"
	ProjectSection(SolutionItems) = preProject
		files\trading.csv = files\trading.csv
	EndProjectSection
EndProject
Global
	GlobalSection(SolutionConfigurationPlatforms) = preSolution
		Debug|Any CPU = Debug|Any CPU
		Release|Any CPU = Release|Any CPU
	EndGlobalSection
	GlobalSection(ProjectConfigurationPlatforms) = postSolution
		{E74A71C6-A389-4C72-A771-DA6614C40160}.Debug|Any CPU.ActiveCfg = Debug|Any CPU
		{E74A71C6-A389-4C72-A771-DA6614C40160}.Debug|Any CPU.Build.0 = Debug|Any CPU
		{E74A71C6-A389-4C72-A771-DA6614C40160}.Release|Any CPU.ActiveCfg = Release|Any CPU
		{E74A71C6-A389-4C72-A771-DA6614C40160}.Release|Any CPU.Build.0 = Release|Any CPU
		{45760508-598E-4FF7-A685-5BE274FAC196}.Debug|Any CPU.ActiveCfg = Debug|Any CPU
		{45760508-598E-4FF7-A685-5BE274FAC196}.Debug|Any CPU.Build.0 = Debug|Any CPU
		{45760508-598E-4FF7-A685-5BE274FAC196}.Release|Any CPU.ActiveCfg = Release|Any CPU
		{45760508-598E-4FF7-A685-5BE274FAC196}.Release|Any CPU.Build.0 = Release|Any CPU
	EndGlobalSection
	GlobalSection(SolutionProperties) = preSolution
		HideSolutionNode = FALSE
	EndGlobalSection
	GlobalSection(ExtensibilityGlobals) = postSolution
		SolutionGuid = {023ACE2C-41E5-41B6-BD2F-73F338139DBD}
	EndGlobalSection
EndGlobal
