
Microsoft Visual Studio Solution File, Format Version 12.00
# Visual Studio Version 17
VisualStudioVersion = 17.5.33516.290
MinimumVisualStudioVersion = 10.0.40219.1
Project("{FAE04EC0-301F-11D3-BF4B-00C04F79EFBC}") = "Dz_Les3", "Dz_Les3\Dz_Les3.csproj", "{BF7CA69C-6ACF-4214-8A7C-4A8BB0044DED}"
EndProject
Global
	GlobalSection(SolutionConfigurationPlatforms) = preSolution
		Debug|Any CPU = Debug|Any CPU
		Release|Any CPU = Release|Any CPU
	EndGlobalSection
	GlobalSection(ProjectConfigurationPlatforms) = postSolution
		{BF7CA69C-6ACF-4214-8A7C-4A8BB0044DED}.Debug|Any CPU.ActiveCfg = Debug|Any CPU
		{BF7CA69C-6ACF-4214-8A7C-4A8BB0044DED}.Debug|Any CPU.Build.0 = Debug|Any CPU
		{BF7CA69C-6ACF-4214-8A7C-4A8BB0044DED}.Release|Any CPU.ActiveCfg = Release|Any CPU
		{BF7CA69C-6ACF-4214-8A7C-4A8BB0044DED}.Release|Any CPU.Build.0 = Release|Any CPU
	EndGlobalSection
	GlobalSection(SolutionProperties) = preSolution
		HideSolutionNode = FALSE
	EndGlobalSection
	GlobalSection(ExtensibilityGlobals) = postSolution
		SolutionGuid = {2537904A-6FB3-4BEE-8519-4792354B38F5}
	EndGlobalSection
EndGlobal
