
Microsoft Visual Studio Solution File, Format Version 12.00
# Visual Studio Version 17
VisualStudioVersion = 17.7.34009.444
MinimumVisualStudioVersion = 10.0.40219.1
Project("{FAE04EC0-301F-11D3-BF4B-00C04F79EFBC}") = "WebApplication ASP.NET", "WebApplication ASP.NET\WebApplication ASP.NET.csproj", "{2ABCB031-3EC7-467D-9611-98F1D01D1073}"
EndProject
Global
	GlobalSection(SolutionConfigurationPlatforms) = preSolution
		Debug|Any CPU = Debug|Any CPU
		Release|Any CPU = Release|Any CPU
	EndGlobalSection
	GlobalSection(ProjectConfigurationPlatforms) = postSolution
		{2ABCB031-3EC7-467D-9611-98F1D01D1073}.Debug|Any CPU.ActiveCfg = Debug|Any CPU
		{2ABCB031-3EC7-467D-9611-98F1D01D1073}.Debug|Any CPU.Build.0 = Debug|Any CPU
		{2ABCB031-3EC7-467D-9611-98F1D01D1073}.Release|Any CPU.ActiveCfg = Release|Any CPU
		{2ABCB031-3EC7-467D-9611-98F1D01D1073}.Release|Any CPU.Build.0 = Release|Any CPU
	EndGlobalSection
	GlobalSection(SolutionProperties) = preSolution
		HideSolutionNode = FALSE
	EndGlobalSection
	GlobalSection(ExtensibilityGlobals) = postSolution
		SolutionGuid = {C6926F82-20E2-4FD6-819F-D14D40D2066C}
	EndGlobalSection
EndGlobal
