
Microsoft Visual Studio Solution File, Format Version 12.00
# Visual Studio Version 17
VisualStudioVersion = 17.5.33516.290
MinimumVisualStudioVersion = 10.0.40219.1
Project("{FAE04EC0-301F-11D3-BF4B-00C04F79EFBC}") = "KlindyukLesson3_HW", "KlindyukLesson3_HW\KlindyukLesson3_HW.csproj", "{5D7EE8CF-A508-4BA4-A62D-5F89052C4235}"
EndProject
Global
	GlobalSection(SolutionConfigurationPlatforms) = preSolution
		Debug|Any CPU = Debug|Any CPU
		Release|Any CPU = Release|Any CPU
	EndGlobalSection
	GlobalSection(ProjectConfigurationPlatforms) = postSolution
		{5D7EE8CF-A508-4BA4-A62D-5F89052C4235}.Debug|Any CPU.ActiveCfg = Debug|Any CPU
		{5D7EE8CF-A508-4BA4-A62D-5F89052C4235}.Debug|Any CPU.Build.0 = Debug|Any CPU
		{5D7EE8CF-A508-4BA4-A62D-5F89052C4235}.Release|Any CPU.ActiveCfg = Release|Any CPU
		{5D7EE8CF-A508-4BA4-A62D-5F89052C4235}.Release|Any CPU.Build.0 = Release|Any CPU
	EndGlobalSection
	GlobalSection(SolutionProperties) = preSolution
		HideSolutionNode = FALSE
	EndGlobalSection
	GlobalSection(ExtensibilityGlobals) = postSolution
		SolutionGuid = {5B89518F-40B6-420C-9709-C13158F142F9}
	EndGlobalSection
EndGlobal
