
Microsoft Visual Studio Solution File, Format Version 12.00
# Visual Studio Version 17
VisualStudioVersion = 17.5.33530.505
MinimumVisualStudioVersion = 10.0.40219.1
Project("{9A19103F-16F7-4668-BE54-9A1E7A4F7556}") = "Async", "Async\Async.csproj", "{65F0169A-6FDF-4B2A-B4B0-905626A83EF7}"
EndProject
Project("{9A19103F-16F7-4668-BE54-9A1E7A4F7556}") = "Async.Console", "Async.Console\Async.Console.csproj", "{1F3E0A6C-8C8E-4BBC-8621-66076F7F1636}"
EndProject
Project("{9A19103F-16F7-4668-BE54-9A1E7A4F7556}") = "Async.Wpf", "Async.Wpf\Async.Wpf.csproj", "{05908D97-20E7-460F-8691-ECE1D07C8459}"
EndProject
Project("{FAE04EC0-301F-11D3-BF4B-00C04F79EFBC}") = "Async.IO", "Async.IO\Async.IO.csproj", "{8F182428-3036-4F87-95D7-4D99B3A57BA3}"
EndProject
Global
	GlobalSection(SolutionConfigurationPlatforms) = preSolution
		Debug|Any CPU = Debug|Any CPU
		Release|Any CPU = Release|Any CPU
	EndGlobalSection
	GlobalSection(ProjectConfigurationPlatforms) = postSolution
		{65F0169A-6FDF-4B2A-B4B0-905626A83EF7}.Debug|Any CPU.ActiveCfg = Debug|Any CPU
		{65F0169A-6FDF-4B2A-B4B0-905626A83EF7}.Debug|Any CPU.Build.0 = Debug|Any CPU
		{65F0169A-6FDF-4B2A-B4B0-905626A83EF7}.Release|Any CPU.ActiveCfg = Release|Any CPU
		{65F0169A-6FDF-4B2A-B4B0-905626A83EF7}.Release|Any CPU.Build.0 = Release|Any CPU
		{1F3E0A6C-8C8E-4BBC-8621-66076F7F1636}.Debug|Any CPU.ActiveCfg = Debug|Any CPU
		{1F3E0A6C-8C8E-4BBC-8621-66076F7F1636}.Debug|Any CPU.Build.0 = Debug|Any CPU
		{1F3E0A6C-8C8E-4BBC-8621-66076F7F1636}.Release|Any CPU.ActiveCfg = Release|Any CPU
		{1F3E0A6C-8C8E-4BBC-8621-66076F7F1636}.Release|Any CPU.Build.0 = Release|Any CPU
		{05908D97-20E7-460F-8691-ECE1D07C8459}.Debug|Any CPU.ActiveCfg = Debug|Any CPU
		{05908D97-20E7-460F-8691-ECE1D07C8459}.Debug|Any CPU.Build.0 = Debug|Any CPU
		{05908D97-20E7-460F-8691-ECE1D07C8459}.Release|Any CPU.ActiveCfg = Release|Any CPU
		{05908D97-20E7-460F-8691-ECE1D07C8459}.Release|Any CPU.Build.0 = Release|Any CPU
		{8F182428-3036-4F87-95D7-4D99B3A57BA3}.Debug|Any CPU.ActiveCfg = Debug|Any CPU
		{8F182428-3036-4F87-95D7-4D99B3A57BA3}.Debug|Any CPU.Build.0 = Debug|Any CPU
		{8F182428-3036-4F87-95D7-4D99B3A57BA3}.Release|Any CPU.ActiveCfg = Release|Any CPU
		{8F182428-3036-4F87-95D7-4D99B3A57BA3}.Release|Any CPU.Build.0 = Release|Any CPU
	EndGlobalSection
	GlobalSection(SolutionProperties) = preSolution
		HideSolutionNode = FALSE
	EndGlobalSection
	GlobalSection(ExtensibilityGlobals) = postSolution
		SolutionGuid = {3CEB1DCC-CF30-4F18-8B9D-43C9CF1AF4F8}
	EndGlobalSection
EndGlobal
