
Microsoft Visual Studio Solution File, Format Version 12.00
# Visual Studio Version 17
VisualStudioVersion = 17.5.33516.290
MinimumVisualStudioVersion = 10.0.40219.1
Project("{FAE04EC0-301F-11D3-BF4B-00C04F79EFBC}") = "HomeWork5", "HomeWork5\HomeWork5.csproj", "{7770BF95-33D7-4A91-9C6E-E971C0BB4803}"
EndProject
Global
	GlobalSection(SolutionConfigurationPlatforms) = preSolution
		Debug|Any CPU = Debug|Any CPU
		Release|Any CPU = Release|Any CPU
	EndGlobalSection
	GlobalSection(ProjectConfigurationPlatforms) = postSolution
		{7770BF95-33D7-4A91-9C6E-E971C0BB4803}.Debug|Any CPU.ActiveCfg = Debug|Any CPU
		{7770BF95-33D7-4A91-9C6E-E971C0BB4803}.Debug|Any CPU.Build.0 = Debug|Any CPU
		{7770BF95-33D7-4A91-9C6E-E971C0BB4803}.Release|Any CPU.ActiveCfg = Release|Any CPU
		{7770BF95-33D7-4A91-9C6E-E971C0BB4803}.Release|Any CPU.Build.0 = Release|Any CPU
	EndGlobalSection
	GlobalSection(SolutionProperties) = preSolution
		HideSolutionNode = FALSE
	EndGlobalSection
	GlobalSection(ExtensibilityGlobals) = postSolution
		SolutionGuid = {82BE2C78-9D25-4910-9C1B-F3BFF5C041AA}
	EndGlobalSection
EndGlobal
