
Microsoft Visual Studio Solution File, Format Version 12.00
# Visual Studio Version 17
VisualStudioVersion = 17.5.33530.505
MinimumVisualStudioVersion = 10.0.40219.1
Project("{FAE04EC0-301F-11D3-BF4B-00C04F79EFBC}") = "Banking", "ATM\Banking.csproj", "{84EF565E-D042-4243-9C09-94C364E8C9DA}"
EndProject
Global
	GlobalSection(SolutionConfigurationPlatforms) = preSolution
		Debug|Any CPU = Debug|Any CPU
		Release|Any CPU = Release|Any CPU
	EndGlobalSection
	GlobalSection(ProjectConfigurationPlatforms) = postSolution
		{84EF565E-D042-4243-9C09-94C364E8C9DA}.Debug|Any CPU.ActiveCfg = Debug|Any CPU
		{84EF565E-D042-4243-9C09-94C364E8C9DA}.Debug|Any CPU.Build.0 = Debug|Any CPU
		{84EF565E-D042-4243-9C09-94C364E8C9DA}.Release|Any CPU.ActiveCfg = Release|Any CPU
		{84EF565E-D042-4243-9C09-94C364E8C9DA}.Release|Any CPU.Build.0 = Release|Any CPU
	EndGlobalSection
	GlobalSection(SolutionProperties) = preSolution
		HideSolutionNode = FALSE
	EndGlobalSection
	GlobalSection(ExtensibilityGlobals) = postSolution
		SolutionGuid = {9E07806B-F9C5-4E16-B42C-25501D78A101}
	EndGlobalSection
EndGlobal
